# This file is automatically @generated by Cargo.
# It is not intended for manual editing.
[[package]]
name = "GSL"
version = "1.1.0"
source = "registry+https://github.com/rust-lang/crates.io-index"
dependencies = [
 "c_vec 1.0.12 (registry+https://github.com/rust-lang/crates.io-index)",
 "libc 0.2.55 (registry+https://github.com/rust-lang/crates.io-index)",
 "pkg-config 0.3.14 (registry+https://github.com/rust-lang/crates.io-index)",
]

[[package]]
name = "c_vec"
version = "1.0.12"
source = "registry+https://github.com/rust-lang/crates.io-index"

[[package]]
name = "libc"
version = "0.2.55"
source = "registry+https://github.com/rust-lang/crates.io-index"

[[package]]
name = "pkg-config"
version = "0.3.14"
source = "registry+https://github.com/rust-lang/crates.io-index"

[[package]]
name = "rchem"
version = "0.1.0"
dependencies = [
 "GSL 1.1.0 (registry+https://github.com/rust-lang/crates.io-index)",
]

[metadata]
"checksum GSL 1.1.0 (registry+https://github.com/rust-lang/crates.io-index)" = "7830156ea389bcbbdc8f01bf140b609b892bf7cbd0ec6ccf9957ea2be6f25ad3"
"checksum c_vec 1.0.12 (registry+https://github.com/rust-lang/crates.io-index)" = "aa9e1d9f7d49e289f36f19effbf3d5a5e30163ecf9c7a3c9be94d5374dec5b9a"
"checksum libc 0.2.55 (registry+https://github.com/rust-lang/crates.io-index)" = "42914d39aad277d9e176efbdad68acb1d5443ab65afe0e0e4f0d49352a950880"
"checksum pkg-config 0.3.14 (registry+https://github.com/rust-lang/crates.io-index)" = "676e8eb2b1b4c9043511a9b7bea0915320d7e502b0a079fb03f9635a5252b18c"
